
Microsoft Visual Studio Solution File, Format Version 12.00
# Visual Studio 15
VisualStudioVersion = 15.0.28010.2019
MinimumVisualStudioVersion = 10.0.40219.1
Project("{9A19103F-16F7-4668-BE54-9A1E7A4F7556}") = "Tson.NET", "Tson.NET\Tson.NET.csproj", "{0628E766-F81F-4A01-9AB0-FF54659A0472}"
EndProject
Project("{FAE04EC0-301F-11D3-BF4B-00C04F79EFBC}") = "Tson.UnitTest", "Tson.UnitTest\Tson.UnitTest.csproj", "{DAD2F1A2-6400-4822-9DD1-EB94D4A31F86}"
EndProject
Global
	GlobalSection(SolutionConfigurationPlatforms) = preSolution
		Debug|Any CPU = Debug|Any CPU
		Release|Any CPU = Release|Any CPU
	EndGlobalSection
	GlobalSection(ProjectConfigurationPlatforms) = postSolution
		{0628E766-F81F-4A01-9AB0-FF54659A0472}.Debug|Any CPU.ActiveCfg = Debug|Any CPU
		{0628E766-F81F-4A01-9AB0-FF54659A0472}.Debug|Any CPU.Build.0 = Debug|Any CPU
		{0628E766-F81F-4A01-9AB0-FF54659A0472}.Release|Any CPU.ActiveCfg = Release|Any CPU
		{0628E766-F81F-4A01-9AB0-FF54659A0472}.Release|Any CPU.Build.0 = Release|Any CPU
		{DAD2F1A2-6400-4822-9DD1-EB94D4A31F86}.Debug|Any CPU.ActiveCfg = Debug|Any CPU
		{DAD2F1A2-6400-4822-9DD1-EB94D4A31F86}.Debug|Any CPU.Build.0 = Debug|Any CPU
		{DAD2F1A2-6400-4822-9DD1-EB94D4A31F86}.Release|Any CPU.ActiveCfg = Release|Any CPU
		{DAD2F1A2-6400-4822-9DD1-EB94D4A31F86}.Release|Any CPU.Build.0 = Release|Any CPU
	EndGlobalSection
	GlobalSection(SolutionProperties) = preSolution
		HideSolutionNode = FALSE
	EndGlobalSection
	GlobalSection(ExtensibilityGlobals) = postSolution
		SolutionGuid = {30EA98DC-E8D5-4547-A1EC-1A15F47108D2}
	EndGlobalSection
EndGlobal
